{
  "nodes": {
    "home-manager": {
      "inputs": {
        "nixpkgs": [
          "nixpkgs"
        ]
      },
      "locked": {
        "lastModified": 1652452043,
        "narHash": "sha256-nh3mdVB/Kk5ag1uRMAlKo8r+ssN3HNxwbLsqRG4xZkw=",
        "owner": "nix-community",
        "repo": "home-manager",
        "rev": "273598f53e04f0111dca5724b37640e3907edaaf",
        "type": "github"
      },
      "original": {
        "owner": "nix-community",
        "repo": "home-manager",
        "type": "github"
      }
    },
    "nixpkgs": {
      "locked": {
        "lastModified": 1652378906,
        "narHash": "sha256-DeV2myAMArPvyqxp0M6z30kuXb2L9SO2QXjxbbsZQyY=",
        "owner": "NixOS",
        "repo": "nixpkgs",
        "rev": "d89d7af1ba23bd8a5341d00bdd862e8e9a808f56",
        "type": "github"
      },
      "original": {
        "id": "nixpkgs",
        "ref": "nixos-unstable",
        "type": "indirect"
      }
    },
    "root": {
      "inputs": {
        "home-manager": "home-manager",
        "nixpkgs": "nixpkgs"
      }
    }
  },
  "root": "root",
  "version": 7
}
