{
  "nodes": {
    "flake-utils": {
      "locked": {
        "lastModified": 1637014545,
        "narHash": "sha256-26IZAc5yzlD9FlDT54io1oqG/bBoyka+FJk5guaX4x4=",
        "owner": "numtide",
        "repo": "flake-utils",
        "rev": "bba5dcc8e0b20ab664967ad83d24d64cb64ec4f4",
        "type": "github"
      },
      "original": {
        "owner": "numtide",
        "repo": "flake-utils",
        "type": "github"
      }
    },
    "home-manager": {
      "inputs": {
        "nixpkgs": [
          "nixpkgs"
        ]
      },
      "locked": {
        "lastModified": 1637010045,
        "narHash": "sha256-EzA+Iu2c8N1i3K8jouZSuyMOOeR1glFZSW9ZgqmPH54=",
        "owner": "nix-community",
        "repo": "home-manager",
        "rev": "a7c5b00d44f65efd1e8ace2c02243f179e72283a",
        "type": "github"
      },
      "original": {
        "owner": "nix-community",
        "repo": "home-manager",
        "type": "github"
      }
    },
    "neovim-flake": {
      "inputs": {
        "flake-utils": [
          "flake-utils"
        ],
        "nixpkgs": [
          "nixpkgs"
        ]
      },
      "locked": {
        "dir": "contrib",
        "lastModified": 1636995090,
        "narHash": "sha256-HdI6rhiEmirf0NLcsjNIyPrSCf/lfVJfpv32r37ZmN8=",
        "owner": "neovim",
        "repo": "neovim",
        "rev": "87a053f126c79f5eeb1654e35beb31d9fe733163",
        "type": "github"
      },
      "original": {
        "dir": "contrib",
        "owner": "neovim",
        "repo": "neovim",
        "type": "github"
      }
    },
    "nixpkgs": {
      "locked": {
        "lastModified": 1636800699,
        "narHash": "sha256-SwbyVxXffu3G2ulJIbTf0iQfqhbGbdml4Dyv5j9BiAI=",
        "owner": "nixos",
        "repo": "nixpkgs",
        "rev": "2fa862644fc15ecb525eb8cd0a60276f1c340c7c",
        "type": "github"
      },
      "original": {
        "owner": "nixos",
        "ref": "nixos-unstable",
        "repo": "nixpkgs",
        "type": "github"
      }
    },
    "root": {
      "inputs": {
        "flake-utils": "flake-utils",
        "home-manager": "home-manager",
        "neovim-flake": "neovim-flake",
        "nixpkgs": "nixpkgs"
      }
    }
  },
  "root": "root",
  "version": 7
}
